
Microsoft Visual Studio Solution File, Format Version 12.00
# Visual Studio Version 17
VisualStudioVersion = 17.0.32002.185
MinimumVisualStudioVersion = 10.0.40219.1
Project("{FAE04EC0-301F-11D3-BF4B-00C04F79EFBC}") = "TestesUnitariosProjeto", "TestesUnitariosProjeto\TestesUnitariosProjeto.csproj", "{650945C5-4ECE-4CC1-812F-2BFBBF932840}"
EndProject
Project("{FAE04EC0-301F-11D3-BF4B-00C04F79EFBC}") = "TestesUnitarios", "TestesUnitarios\TestesUnitarios.csproj", "{D3FC9BFC-955C-4BFD-BFD7-88079509564D}"
EndProject
Global
	GlobalSection(SolutionConfigurationPlatforms) = preSolution
		Debug|Any CPU = Debug|Any CPU
		Release|Any CPU = Release|Any CPU
	EndGlobalSection
	GlobalSection(ProjectConfigurationPlatforms) = postSolution
		{650945C5-4ECE-4CC1-812F-2BFBBF932840}.Debug|Any CPU.ActiveCfg = Debug|Any CPU
		{650945C5-4ECE-4CC1-812F-2BFBBF932840}.Debug|Any CPU.Build.0 = Debug|Any CPU
		{650945C5-4ECE-4CC1-812F-2BFBBF932840}.Release|Any CPU.ActiveCfg = Release|Any CPU
		{650945C5-4ECE-4CC1-812F-2BFBBF932840}.Release|Any CPU.Build.0 = Release|Any CPU
		{D3FC9BFC-955C-4BFD-BFD7-88079509564D}.Debug|Any CPU.ActiveCfg = Debug|Any CPU
		{D3FC9BFC-955C-4BFD-BFD7-88079509564D}.Debug|Any CPU.Build.0 = Debug|Any CPU
		{D3FC9BFC-955C-4BFD-BFD7-88079509564D}.Release|Any CPU.ActiveCfg = Release|Any CPU
		{D3FC9BFC-955C-4BFD-BFD7-88079509564D}.Release|Any CPU.Build.0 = Release|Any CPU
	EndGlobalSection
	GlobalSection(SolutionProperties) = preSolution
		HideSolutionNode = FALSE
	EndGlobalSection
	GlobalSection(ExtensibilityGlobals) = postSolution
		SolutionGuid = {3989B735-DE8C-4685-94E7-9CFBBBF355A4}
	EndGlobalSection
EndGlobal
